
Microsoft Visual Studio Solution File, Format Version 12.00
# Visual Studio Version 16
VisualStudioVersion = 16.0.29411.108
MinimumVisualStudioVersion = 10.0.40219.1
Project("{FAE04EC0-301F-11D3-BF4B-00C04F79EFBC}") = "dentist_doctor", "dentist_doctor\dentist_doctor.csproj", "{EEFD0677-C182-4760-BDB0-57BD95BB62E1}"
EndProject
Global
	GlobalSection(SolutionConfigurationPlatforms) = preSolution
		Debug|Any CPU = Debug|Any CPU
		Release|Any CPU = Release|Any CPU
	EndGlobalSection
	GlobalSection(ProjectConfigurationPlatforms) = postSolution
		{EEFD0677-C182-4760-BDB0-57BD95BB62E1}.Debug|Any CPU.ActiveCfg = Debug|Any CPU
		{EEFD0677-C182-4760-BDB0-57BD95BB62E1}.Debug|Any CPU.Build.0 = Debug|Any CPU
		{EEFD0677-C182-4760-BDB0-57BD95BB62E1}.Release|Any CPU.ActiveCfg = Release|Any CPU
		{EEFD0677-C182-4760-BDB0-57BD95BB62E1}.Release|Any CPU.Build.0 = Release|Any CPU
	EndGlobalSection
	GlobalSection(SolutionProperties) = preSolution
		HideSolutionNode = FALSE
	EndGlobalSection
	GlobalSection(ExtensibilityGlobals) = postSolution
		SolutionGuid = {60FE0315-A819-4C69-BAE1-3205F9447451}
	EndGlobalSection
EndGlobal
